
Microsoft Visual Studio Solution File, Format Version 12.00
# Visual Studio Version 17
VisualStudioVersion = 17.0.32126.317
MinimumVisualStudioVersion = 10.0.40219.1
Project("{FAE04EC0-301F-11D3-BF4B-00C04F79EFBC}") = "QuanLiSoTietKiem", "QuanLiSoTietKiem\QuanLiSoTietKiem.csproj", "{894BCA2F-18C5-4766-905D-A17A8A64D42C}"
EndProject
Global
	GlobalSection(SolutionConfigurationPlatforms) = preSolution
		Debug|Any CPU = Debug|Any CPU
		Release|Any CPU = Release|Any CPU
	EndGlobalSection
	GlobalSection(ProjectConfigurationPlatforms) = postSolution
		{894BCA2F-18C5-4766-905D-A17A8A64D42C}.Debug|Any CPU.ActiveCfg = Debug|Any CPU
		{894BCA2F-18C5-4766-905D-A17A8A64D42C}.Debug|Any CPU.Build.0 = Debug|Any CPU
		{894BCA2F-18C5-4766-905D-A17A8A64D42C}.Release|Any CPU.ActiveCfg = Release|Any CPU
		{894BCA2F-18C5-4766-905D-A17A8A64D42C}.Release|Any CPU.Build.0 = Release|Any CPU
	EndGlobalSection
	GlobalSection(SolutionProperties) = preSolution
		HideSolutionNode = FALSE
	EndGlobalSection
	GlobalSection(ExtensibilityGlobals) = postSolution
		SolutionGuid = {C1940E90-89E6-4124-8F26-2EB1CC02DA7D}
	EndGlobalSection
EndGlobal
